
Microsoft Visual Studio Solution File, Format Version 12.00
# Visual Studio Version 17
VisualStudioVersion = 17.4.33403.182
MinimumVisualStudioVersion = 10.0.40219.1
Project("{FAE04EC0-301F-11D3-BF4B-00C04F79EFBC}") = "BackEndProcetMVC", "BackEndProcetMVC\BackEndProcetMVC.csproj", "{2E0CFEDE-D1BF-49EA-B5F5-EEA8847C171F}"
EndProject
Project("{FAE04EC0-301F-11D3-BF4B-00C04F79EFBC}") = "BackEndMvcCore", "BackEndMvcCore\BackEndMvcCore.csproj", "{F10737E6-0A37-493D-B076-E27D3A9F3BE0}"
EndProject
Global
	GlobalSection(SolutionConfigurationPlatforms) = preSolution
		Debug|Any CPU = Debug|Any CPU
		Release|Any CPU = Release|Any CPU
	EndGlobalSection
	GlobalSection(ProjectConfigurationPlatforms) = postSolution
		{2E0CFEDE-D1BF-49EA-B5F5-EEA8847C171F}.Debug|Any CPU.ActiveCfg = Debug|Any CPU
		{2E0CFEDE-D1BF-49EA-B5F5-EEA8847C171F}.Debug|Any CPU.Build.0 = Debug|Any CPU
		{2E0CFEDE-D1BF-49EA-B5F5-EEA8847C171F}.Release|Any CPU.ActiveCfg = Release|Any CPU
		{2E0CFEDE-D1BF-49EA-B5F5-EEA8847C171F}.Release|Any CPU.Build.0 = Release|Any CPU
		{F10737E6-0A37-493D-B076-E27D3A9F3BE0}.Debug|Any CPU.ActiveCfg = Debug|Any CPU
		{F10737E6-0A37-493D-B076-E27D3A9F3BE0}.Debug|Any CPU.Build.0 = Debug|Any CPU
		{F10737E6-0A37-493D-B076-E27D3A9F3BE0}.Release|Any CPU.ActiveCfg = Release|Any CPU
		{F10737E6-0A37-493D-B076-E27D3A9F3BE0}.Release|Any CPU.Build.0 = Release|Any CPU
	EndGlobalSection
	GlobalSection(SolutionProperties) = preSolution
		HideSolutionNode = FALSE
	EndGlobalSection
	GlobalSection(ExtensibilityGlobals) = postSolution
		SolutionGuid = {E8D3730E-0721-47E6-AD03-558E9923E31B}
	EndGlobalSection
EndGlobal
